
Microsoft Visual Studio Solution File, Format Version 12.00
# Visual Studio Version 17
VisualStudioVersion = 17.3.32825.248
MinimumVisualStudioVersion = 10.0.40219.1
Project("{9A19103F-16F7-4668-BE54-9A1E7A4F7556}") = "Flash_Test", "Flash_Test.csproj", "{F3AC3972-19C7-4FF5-8E7E-5691F43290F1}"
EndProject
Global
	GlobalSection(SolutionConfigurationPlatforms) = preSolution
		Debug|Any CPU = Debug|Any CPU
		Release|Any CPU = Release|Any CPU
	EndGlobalSection
	GlobalSection(ProjectConfigurationPlatforms) = postSolution
		{F3AC3972-19C7-4FF5-8E7E-5691F43290F1}.Debug|Any CPU.ActiveCfg = Debug|Any CPU
		{F3AC3972-19C7-4FF5-8E7E-5691F43290F1}.Debug|Any CPU.Build.0 = Debug|Any CPU
		{F3AC3972-19C7-4FF5-8E7E-5691F43290F1}.Release|Any CPU.ActiveCfg = Release|Any CPU
		{F3AC3972-19C7-4FF5-8E7E-5691F43290F1}.Release|Any CPU.Build.0 = Release|Any CPU
	EndGlobalSection
	GlobalSection(SolutionProperties) = preSolution
		HideSolutionNode = FALSE
	EndGlobalSection
	GlobalSection(ExtensibilityGlobals) = postSolution
		SolutionGuid = {8E61EB93-A117-430F-8C5A-B5F0DE79DA2C}
	EndGlobalSection
EndGlobal
